// !$*UTF8*$!
{
	archiveVersion = 1;
	classes = {
	};
	objectVersion = 50;
	objects = {

/* Begin PBXBuildFile section */
		550BA3B224DBE67700C0E93E /* AppDelegate.swift in Sources */ = {isa = PBXBuildFile; fileRef = 550BA3B124DBE67700C0E93E /* AppDelegate.swift */; };
		550BA3B424DBE67700C0E93E /* SceneDelegate.swift in Sources */ = {isa = PBXBuildFile; fileRef = 550BA3B324DBE67700C0E93E /* SceneDelegate.swift */; };
		550BA3B624DBE67700C0E93E /* ViewController.swift in Sources */ = {isa = PBXBuildFile; fileRef = 550BA3B524DBE67700C0E93E /* ViewController.swift */; };
		550BA3B924DBE67700C0E93E /* Main.storyboard in Resources */ = {isa = PBXBuildFile; fileRef = 550BA3B724DBE67700C0E93E /* Main.storyboard */; };
		550BA3BB24DBE67B00C0E93E /* Assets.xcassets in Resources */ = {isa = PBXBuildFile; fileRef = 550BA3BA24DBE67B00C0E93E /* Assets.xcassets */; };
		550BA3BE24DBE67B00C0E93E /* LaunchScreen.storyboard in Resources */ = {isa = PBXBuildFile; fileRef = 550BA3BC24DBE67B00C0E93E /* LaunchScreen.storyboard */; };
/* End PBXBuildFile section */

/* Begin PBXFileReference section */
		550BA3AE24DBE67700C0E93E /* GithubAPIAssignment.app */ = {isa = PBXFileReference; explicitFileType = wrapper.application; includeInIndex = 0; path = GithubAPIAssignment.app; sourceTree = BUILT_PRODUCTS_DIR; };
		550BA3B124DBE67700C0E93E /* AppDelegate.swift */ = {isa = PBXFileReference; lastKnownFileType = sourcecode.swift; path = AppDelegate.swift; sourceTree = "<group>"; };
		550BA3B324DBE67700C0E93E /* SceneDelegate.swift */ = {isa = PBXFileReference; lastKnownFileType = sourcecode.swift; path = SceneDelegate.swift; sourceTree = "<group>"; };
		550BA3B524DBE67700C0E93E /* ViewController.swift */ = {isa = PBXFileReference; lastKnownFileType = sourcecode.swift; path = ViewController.swift; sourceTree = "<group>"; };
		550BA3B824DBE67700C0E93E /* Base */ = {isa = PBXFileReference; lastKnownFileType = file.storyboard; name = Base; path = Base.lproj/Main.storyboard; sourceTree = "<group>"; };
		550BA3BA24DBE67B00C0E93E /* Assets.xcassets */ = {isa = PBXFileReference; lastKnownFileType = folder.assetcatalog; path = Assets.xcassets; sourceTree = "<group>"; };
		550BA3BD24DBE67B00C0E93E /* Base */ = {isa = PBXFileReference; lastKnownFileType = file.storyboard; name = Base; path = Base.lproj/LaunchScreen.storyboard; sourceTree = "<group>"; };
		550BA3BF24DBE67B00C0E93E /* Info.plist */ = {isa = PBXFileReference; lastKnownFileType = text.plist.xml; path = Info.plist; sourceTree = "<group>"; };
/* End PBXFileReference section */

/* Begin PBXFrameworksBuildPhase section */
		550BA3AB24DBE67700C0E93E /* Frameworks */ = {
			isa = PBXFrameworksBuildPhase;
			buildActionMask = 2147483647;
			files = (
			);
			runOnlyForDeploymentPostprocessing = 0;
		};
/* End PBXFrameworksBuildPhase section */

/* Begin PBXGroup section */
		550BA3A524DBE67700C0E93E = {
			isa = PBXGroup;
			children = (
				550BA3B024DBE67700C0E93E /* GithubAPIAssignment */,
				550BA3AF24DBE67700C0E93E /* Products */,
			);
			sourceTree = "<group>";
		};
		550BA3AF24DBE67700C0E93E /* Products */ = {
			isa = PBXGroup;
			children = (
				550BA3AE24DBE67700C0E93E /* GithubAPIAssignment.app */,
			);
			name = Products;
			sourceTree = "<group>";
		};
		550BA3B024DBE67700C0E93E /* GithubAPIAssignment */ = {
			isa = PBXGroup;
			children = (
				550BA3B124DBE67700C0E93E /* AppDelegate.swift */,
				550BA3B324DBE67700C0E93E /* SceneDelegate.swift */,
				550BA3B524DBE67700C0E93E /* ViewController.swift */,
				550BA3B724DBE67700C0E93E /* Main.storyboard */,
				550BA3BA24DBE67B00C0E93E /* Assets.xcassets */,
				550BA3BC24DBE67B00C0E93E /* LaunchScreen.storyboard */,
				550BA3BF24DBE67B00C0E93E /* Info.plist */,
			);
			path = GithubAPIAssignment;
			sourceTree = "<group>";
		};
/* End PBXGroup section */

/* Begin PBXNativeTarget section */
		550BA3AD24DBE67700C0E93E /* GithubAPIAssignment */ = {
			isa = PBXNativeTarget;
			buildConfigurationList = 550BA3C224DBE67B00C0E93E /* Build configuration list for PBXNativeTarget "GithubAPIAssignment" */;
			buildPhases = (
				550BA3AA24DBE67700C0E93E /* Sources */,
				550BA3AB24DBE67700C0E93E /* Frameworks */,
				550BA3AC24DBE67700C0E93E /* Resources */,
			);
			buildRules = (
			);
			dependencies = (
			);
			name = GithubAPIAssignment;
			productName = GithubAPIAssignment;
			productReference = 550BA3AE24DBE67700C0E93E /* GithubAPIAssignment.app */;
			productType = "com.apple.product-type.application";
		};
/* End PBXNativeTarget section */

/* Begin PBXProject section */
		550BA3A624DBE67700C0E93E /* Project object */ = {
			isa = PBXProject;
			attributes = {
				LastSwiftUpdateCheck = 1130;
				LastUpgradeCheck = 1130;
				ORGANIZATIONNAME = "Swapnil Magar";
				TargetAttributes = {
					550BA3AD24DBE67700C0E93E = {
						CreatedOnToolsVersion = 11.3.1;
					};
				};
			};
			buildConfigurationList = 550BA3A924DBE67700C0E93E /* Build configuration list for PBXProject "GithubAPIAssignment" */;
			compatibilityVersion = "Xcode 9.3";
			developmentRegion = en;
			hasScannedForEncodings = 0;
			knownRegions = (
				en,
				Base,
			);
			mainGroup = 550BA3A524DBE67700C0E93E;
			productRefGroup = 550BA3AF24DBE67700C0E93E /* Products */;
			projectDirPath = "";
			projectRoot = "";
			targets = (
				550BA3AD24DBE67700C0E93E /* GithubAPIAssignment */,
			);
		};
/* End PBXProject section */

/* Begin PBXResourcesBuildPhase section */
		550BA3AC24DBE67700C0E93E /* Resources */ = {
			isa = PBXResourcesBuildPhase;
			buildActionMask = 2147483647;
			files = (
				550BA3BE24DBE67B00C0E93E /* LaunchScreen.storyboard in Resources */,
				550BA3BB24DBE67B00C0E93E /* Assets.xcassets in Resources */,
				550BA3B924DBE67700C0E93E /* Main.storyboard in Resources */,
			);
			runOnlyForDeploymentPostprocessing = 0;
		};
/* End PBXResourcesBuildPhase section */

/* Begin PBXSourcesBuildPhase section */
		550BA3AA24DBE67700C0E93E /* Sources */ = {
			isa = PBXSourcesBuildPhase;
			buildActionMask = 2147483647;
			files = (
				550BA3B624DBE67700C0E93E /* ViewController.swift in Sources */,
				550BA3B224DBE67700C0E93E /* AppDelegate.swift in Sources */,
				550BA3B424DBE67700C0E93E /* SceneDelegate.swift in Sources */,
			);
			runOnlyForDeploymentPostprocessing = 0;
		};
/* End PBXSourcesBuildPhase section */

/* Begin PBXVariantGroup section */
		550BA3B724DBE67700C0E93E /* Main.storyboard */ = {
			isa = PBXVariantGroup;
			children = (
				550BA3B824DBE67700C0E93E /* Base */,
			);
			name = Main.storyboard;
			sourceTree = "<group>";
		};
		550BA3BC24DBE67B00C0E93E /* LaunchScreen.storyboard */ = {
			isa = PBXVariantGroup;
			children = (
				550BA3BD24DBE67B00C0E93E /* Base */,
			);
			name = LaunchScreen.storyboard;
			sourceTree = "<group>";
		};
/* End PBXVariantGroup section */

/* Begin XCBuildConfiguration section */
		550BA3C024DBE67B00C0E93E /* Debug */ = {
			isa = XCBuildConfiguration;
			buildSettings = {
				ALWAYS_SEARCH_USER_PATHS = NO;
				CLANG_ANALYZER_NONNULL = YES;
				CLANG_ANALYZER_NUMBER_OBJECT_CONVERSION = YES_AGGRESSIVE;
				CLANG_CXX_LANGUAGE_STANDARD = "gnu++14";
				CLANG_CXX_LIBRARY = "libc++";
				CLANG_ENABLE_MODULES = YES;
				CLANG_ENABLE_OBJC_ARC = YES;
				CLANG_ENABLE_OBJC_WEAK = YES;
				CLANG_WARN_BLOCK_CAPTURE_AUTORELEASING = YES;
				CLANG_WARN_BOOL_CONVERSION = YES;
				CLANG_WARN_COMMA = YES;
				CLANG_WARN_CONSTANT_CONVERSION = YES;
				CLANG_WARN_DEPRECATED_OBJC_IMPLEMENTATIONS = YES;
				CLANG_WARN_DIRECT_OBJC_ISA_USAGE = YES_ERROR;
				CLANG_WARN_DOCUMENTATION_COMMENTS = YES;
				CLANG_WARN_EMPTY_BODY = YES;
				CLANG_WARN_ENUM_CONVERSION = YES;
				CLANG_WARN_INFINITE_RECURSION = YES;
				CLANG_WARN_INT_CONVERSION = YES;
				CLANG_WARN_NON_LITERAL_NULL_CONVERSION = YES;
				CLANG_WARN_OBJC_IMPLICIT_RETAIN_SELF = YES;
				CLANG_WARN_OBJC_LITERAL_CONVERSION = YES;
				CLANG_WARN_OBJC_ROOT_CLASS = YES_ERROR;
				CLANG_WARN_RANGE_LOOP_ANALYSIS = YES;
				CLANG_WARN_STRICT_PROTOTYPES = YES;
				CLANG_WARN_SUSPICIOUS_MOVE = YES;
				CLANG_WARN_UNGUARDED_AVAILABILITY = YES_AGGRESSIVE;
				CLANG_WARN_UNREACHABLE_CODE = YES;
				CLANG_WARN__DUPLICATE_METHOD_MATCH = YES;
				COPY_PHASE_STRIP = NO;
				DEBUG_INFORMATION_FORMAT = dwarf;
				ENABLE_STRICT_OBJC_MSGSEND = YES;
				ENABLE_TESTABILITY = YES;
				GCC_C_LANGUAGE_STANDARD = gnu11;
				GCC_DYNAMIC_NO_PIC = NO;
				GCC_NO_COMMON_BLOCKS = YES;
				GCC_OPTIMIZATION_LEVEL = 0;
				GCC_PREPROCESSOR_DEFINITIONS = (
					"DEBUG=1",
					"$(inherited)",
				);
				GCC_WARN_64_TO_32_BIT_CONVERSION = YES;
				GCC_WARN_ABOUT_RETURN_TYPE = YES_ERROR;
				GCC_WARN_UNDECLARED_SELECTOR = YES;
				GCC_WARN_UNINITIALIZED_AUTOS = YES_AGGRESSIVE;
				GCC_WARN_UNUSED_FUNCTION = YES;
				GCC_WARN_UNUSED_VARIABLE = YES;
				IPHONEOS_DEPLOYMENT_TARGET = 13.2;
				MTL_ENABLE_DEBUG_INFO = INCLUDE_SOURCE;
				MTL_FAST_MATH = YES;
				ONLY_ACTIVE_ARCH = YES;
				SDKROOT = iphoneos;
				SWIFT_ACTIVE_COMPILATION_CONDITIONS = DEBUG;
				SWIFT_OPTIMIZATION_LEVEL = "-Onone";
			};
			name = Debug;
		};
		550BA3C124DBE67B00C0E93E /* Release */ = {
			isa = XCBuildConfiguration;
			buildSettings = {
				ALWAYS_SEARCH_USER_PATHS = NO;
				CLANG_ANALYZER_NONNULL = YES;
				CLANG_ANALYZER_NUMBER_OBJECT_CONVERSION = YES_AGGRESSIVE;
				CLANG_CXX_LANGUAGE_STANDARD = "gnu++14";
				CLANG_CXX_LIBRARY = "libc++";
				CLANG_ENABLE_MODULES = YES;
				CLANG_ENABLE_OBJC_ARC = YES;
				CLANG_ENABLE_OBJC_WEAK = YES;
				CLANG_WARN_BLOCK_CAPTURE_AUTORELEASING = YES;
				CLANG_WARN_BOOL_CONVERSION = YES;
				CLANG_WARN_COMMA = YES;
				CLANG_WARN_CONSTANT_CONVERSION = YES;
				CLANG_WARN_DEPRECATED_OBJC_IMPLEMENTATIONS = YES;
				CLANG_WARN_DIRECT_OBJC_ISA_USAGE = YES_ERROR;
				CLANG_WARN_DOCUMENTATION_COMMENTS = YES;
				CLANG_WARN_EMPTY_BODY = YES;
				CLANG_WARN_ENUM_CONVERSION = YES;
				CLANG_WARN_INFINITE_RECURSION = YES;
				CLANG_WARN_INT_CONVERSION = YES;
				CLANG_WARN_NON_LITERAL_NULL_CONVERSION = YES;
				CLANG_WARN_OBJC_IMPLICIT_RETAIN_SELF = YES;
				CLANG_WARN_OBJC_LITERAL_CONVERSION = YES;
				CLANG_WARN_OBJC_ROOT_CLASS = YES_ERROR;
				CLANG_WARN_RANGE_LOOP_ANALYSIS = YES;
				CLANG_WARN_STRICT_PROTOTYPES = YES;
				CLANG_WARN_SUSPICIOUS_MOVE = YES;
				CLANG_WARN_UNGUARDED_AVAILABILITY = YES_AGGRESSIVE;
				CLANG_WARN_UNREACHABLE_CODE = YES;
				CLANG_WARN__DUPLICATE_METHOD_MATCH = YES;
				COPY_PHASE_STRIP = NO;
				DEBUG_INFORMATION_FORMAT = "dwarf-with-dsym";
				ENABLE_NS_ASSERTIONS = NO;
				ENABLE_STRICT_OBJC_MSGSEND = YES;
				GCC_C_LANGUAGE_STANDARD = gnu11;
				GCC_NO_COMMON_BLOCKS = YES;
				GCC_WARN_64_TO_32_BIT_CONVERSION = YES;
				GCC_WARN_ABOUT_RETURN_TYPE = YES_ERROR;
				GCC_WARN_UNDECLARED_SELECTOR = YES;
				GCC_WARN_UNINITIALIZED_AUTOS = YES_AGGRESSIVE;
				GCC_WARN_UNUSED_FUNCTION = YES;
				GCC_WARN_UNUSED_VARIABLE = YES;
				IPHONEOS_DEPLOYMENT_TARGET = 13.2;
				MTL_ENABLE_DEBUG_INFO = NO;
				MTL_FAST_MATH = YES;
				SDKROOT = iphoneos;
				SWIFT_COMPILATION_MODE = wholemodule;
				SWIFT_OPTIMIZATION_LEVEL = "-O";
				VALIDATE_PRODUCT = YES;
			};
			name = Release;
		};
		550BA3C324DBE67B00C0E93E /* Debug */ = {
			isa = XCBuildConfiguration;
			buildSettings = {
				ASSETCATALOG_COMPILER_APPICON_NAME = AppIcon;
				CODE_SIGN_STYLE = Automatic;
				INFOPLIST_FILE = GithubAPIAssignment/Info.plist;
				LD_RUNPATH_SEARCH_PATHS = (
					"$(inherited)",
					"@executable_path/Frameworks",
				);
				PRODUCT_BUNDLE_IDENTIFIER = com.GithubAPIAssignment;
				PRODUCT_NAME = "$(TARGET_NAME)";
				SWIFT_VERSION = 5.0;
				TARGETED_DEVICE_FAMILY = "1,2";
			};
			name = Debug;
		};
		550BA3C424DBE67B00C0E93E /* Release */ = {
			isa = XCBuildConfiguration;
			buildSettings = {
				ASSETCATALOG_COMPILER_APPICON_NAME = AppIcon;
				CODE_SIGN_STYLE = Automatic;
				INFOPLIST_FILE = GithubAPIAssignment/Info.plist;
				LD_RUNPATH_SEARCH_PATHS = (
					"$(inherited)",
					"@executable_path/Frameworks",
				);
				PRODUCT_BUNDLE_IDENTIFIER = com.GithubAPIAssignment;
				PRODUCT_NAME = "$(TARGET_NAME)";
				SWIFT_VERSION = 5.0;
				TARGETED_DEVICE_FAMILY = "1,2";
			};
			name = Release;
		};
/* End XCBuildConfiguration section */

/* Begin XCConfigurationList section */
		550BA3A924DBE67700C0E93E /* Build configuration list for PBXProject "GithubAPIAssignment" */ = {
			isa = XCConfigurationList;
			buildConfigurations = (
				550BA3C024DBE67B00C0E93E /* Debug */,
				550BA3C124DBE67B00C0E93E /* Release */,
			);
			defaultConfigurationIsVisible = 0;
			defaultConfigurationName = Release;
		};
		550BA3C224DBE67B00C0E93E /* Build configuration list for PBXNativeTarget "GithubAPIAssignment" */ = {
			isa = XCConfigurationList;
			buildConfigurations = (
				550BA3C324DBE67B00C0E93E /* Debug */,
				550BA3C424DBE67B00C0E93E /* Release */,
			);
			defaultConfigurationIsVisible = 0;
			defaultConfigurationName = Release;
		};
/* End XCConfigurationList section */
	};
	rootObject = 550BA3A624DBE67700C0E93E /* Project object */;
}
