// !$*UTF8*$!
{
	archiveVersion = 1;
	classes = {
	};
	objectVersion = 50;
	objects = {

/* Begin PBXBuildFile section */
		550BA3B224DBE67700C0E93E /* AppDelegate.swift in Sources */ = {isa = PBXBuildFile; fileRef = 550BA3B124DBE67700C0E93E /* AppDelegate.swift */; };
		550BA3B624DBE67700C0E93E /* BaseViewController.swift in Sources */ = {isa = PBXBuildFile; fileRef = 550BA3B524DBE67700C0E93E /* BaseViewController.swift */; };
		550BA3B924DBE67700C0E93E /* Main.storyboard in Resources */ = {isa = PBXBuildFile; fileRef = 550BA3B724DBE67700C0E93E /* Main.storyboard */; };
		550BA3BB24DBE67B00C0E93E /* Assets.xcassets in Resources */ = {isa = PBXBuildFile; fileRef = 550BA3BA24DBE67B00C0E93E /* Assets.xcassets */; };
		550BA3BE24DBE67B00C0E93E /* LaunchScreen.storyboard in Resources */ = {isa = PBXBuildFile; fileRef = 550BA3BC24DBE67B00C0E93E /* LaunchScreen.storyboard */; };
		55A171FC24DBEDFE00B04DC8 /* HomeViewController.swift in Sources */ = {isa = PBXBuildFile; fileRef = 55A171FB24DBEDFE00B04DC8 /* HomeViewController.swift */; };
		55A171FF24DBEE3B00B04DC8 /* UIStoryboard.swift in Sources */ = {isa = PBXBuildFile; fileRef = 55A171FE24DBEE3B00B04DC8 /* UIStoryboard.swift */; };
		55A1720524DBEF4800B04DC8 /* NSObject.swift in Sources */ = {isa = PBXBuildFile; fileRef = 55A1720424DBEF4800B04DC8 /* NSObject.swift */; };
		55A7B6FF24DBF15D00B30D8D /* BackendConfiguration.plist in Resources */ = {isa = PBXBuildFile; fileRef = 55A7B6FE24DBF15D00B30D8D /* BackendConfiguration.plist */; };
		55A7B70124DBF25400B30D8D /* BackendConfiguration.swift in Sources */ = {isa = PBXBuildFile; fileRef = 55A7B70024DBF25400B30D8D /* BackendConfiguration.swift */; };
		55A7B70324DBF45A00B30D8D /* ConfigReader.swift in Sources */ = {isa = PBXBuildFile; fileRef = 55A7B70224DBF45A00B30D8D /* ConfigReader.swift */; };
		55A7B70524DBF51D00B30D8D /* ConfigConstant.swift in Sources */ = {isa = PBXBuildFile; fileRef = 55A7B70424DBF51D00B30D8D /* ConfigConstant.swift */; };
		55A7B70924DC096100B30D8D /* Utils.swift in Sources */ = {isa = PBXBuildFile; fileRef = 55A7B70824DC096100B30D8D /* Utils.swift */; };
		55A7B70B24DC0A2600B30D8D /* SceneDelegate.swift in Sources */ = {isa = PBXBuildFile; fileRef = 55A7B70A24DC0A2600B30D8D /* SceneDelegate.swift */; };
		55A7B70D24DC0AA100B30D8D /* Endpoint.swift in Sources */ = {isa = PBXBuildFile; fileRef = 55A7B70C24DC0AA100B30D8D /* Endpoint.swift */; };
		55A7B70F24DC0EEE00B30D8D /* Users.swift in Sources */ = {isa = PBXBuildFile; fileRef = 55A7B70E24DC0EEE00B30D8D /* Users.swift */; };
		55A7B71224DC0F8100B30D8D /* UsersAPI.swift in Sources */ = {isa = PBXBuildFile; fileRef = 55A7B71124DC0F8100B30D8D /* UsersAPI.swift */; };
		55A7B71524DC100C00B30D8D /* APIConstant.swift in Sources */ = {isa = PBXBuildFile; fileRef = 55A7B71424DC100C00B30D8D /* APIConstant.swift */; };
		55A7B71824DC116400B30D8D /* Response.swift in Sources */ = {isa = PBXBuildFile; fileRef = 55A7B71724DC116400B30D8D /* Response.swift */; };
		55A7B71A24DC118300B30D8D /* Networking.swift in Sources */ = {isa = PBXBuildFile; fileRef = 55A7B71924DC118300B30D8D /* Networking.swift */; };
		55A7B71C24DDC41200B30D8D /* UIColor.swift in Sources */ = {isa = PBXBuildFile; fileRef = 55A7B71B24DDC41200B30D8D /* UIColor.swift */; };
		55A7B71E24DDC4F800B30D8D /* String.swift in Sources */ = {isa = PBXBuildFile; fileRef = 55A7B71D24DDC4F800B30D8D /* String.swift */; };
		55A7B72124DDDD4C00B30D8D /* UsersTableViewCell.swift in Sources */ = {isa = PBXBuildFile; fileRef = 55A7B71F24DDDD4C00B30D8D /* UsersTableViewCell.swift */; };
		55A7B72224DDDD4C00B30D8D /* UsersTableViewCell.xib in Resources */ = {isa = PBXBuildFile; fileRef = 55A7B72024DDDD4C00B30D8D /* UsersTableViewCell.xib */; };
		55A7B72724DDE18300B30D8D /* AppConstants.swift in Sources */ = {isa = PBXBuildFile; fileRef = 55A7B72624DDE18300B30D8D /* AppConstants.swift */; };
		55A7B72924DDE23000B30D8D /* UIFont.swift in Sources */ = {isa = PBXBuildFile; fileRef = 55A7B72824DDE23000B30D8D /* UIFont.swift */; };
/* End PBXBuildFile section */

/* Begin PBXFileReference section */
		550BA3AE24DBE67700C0E93E /* GithubAPIAssignment.app */ = {isa = PBXFileReference; explicitFileType = wrapper.application; includeInIndex = 0; path = GithubAPIAssignment.app; sourceTree = BUILT_PRODUCTS_DIR; };
		550BA3B124DBE67700C0E93E /* AppDelegate.swift */ = {isa = PBXFileReference; lastKnownFileType = sourcecode.swift; path = AppDelegate.swift; sourceTree = "<group>"; };
		550BA3B524DBE67700C0E93E /* BaseViewController.swift */ = {isa = PBXFileReference; lastKnownFileType = sourcecode.swift; path = BaseViewController.swift; sourceTree = "<group>"; };
		550BA3B824DBE67700C0E93E /* Base */ = {isa = PBXFileReference; lastKnownFileType = file.storyboard; name = Base; path = Base.lproj/Main.storyboard; sourceTree = "<group>"; };
		550BA3BA24DBE67B00C0E93E /* Assets.xcassets */ = {isa = PBXFileReference; lastKnownFileType = folder.assetcatalog; path = Assets.xcassets; sourceTree = "<group>"; };
		550BA3BD24DBE67B00C0E93E /* Base */ = {isa = PBXFileReference; lastKnownFileType = file.storyboard; name = Base; path = Base.lproj/LaunchScreen.storyboard; sourceTree = "<group>"; };
		550BA3BF24DBE67B00C0E93E /* Info.plist */ = {isa = PBXFileReference; lastKnownFileType = text.plist.xml; path = Info.plist; sourceTree = "<group>"; };
		55A171FB24DBEDFE00B04DC8 /* HomeViewController.swift */ = {isa = PBXFileReference; lastKnownFileType = sourcecode.swift; path = HomeViewController.swift; sourceTree = "<group>"; };
		55A171FE24DBEE3B00B04DC8 /* UIStoryboard.swift */ = {isa = PBXFileReference; lastKnownFileType = sourcecode.swift; path = UIStoryboard.swift; sourceTree = "<group>"; };
		55A1720424DBEF4800B04DC8 /* NSObject.swift */ = {isa = PBXFileReference; lastKnownFileType = sourcecode.swift; path = NSObject.swift; sourceTree = "<group>"; };
		55A7B6FE24DBF15D00B30D8D /* BackendConfiguration.plist */ = {isa = PBXFileReference; lastKnownFileType = text.plist.xml; path = BackendConfiguration.plist; sourceTree = "<group>"; };
		55A7B70024DBF25400B30D8D /* BackendConfiguration.swift */ = {isa = PBXFileReference; lastKnownFileType = sourcecode.swift; path = BackendConfiguration.swift; sourceTree = "<group>"; };
		55A7B70224DBF45A00B30D8D /* ConfigReader.swift */ = {isa = PBXFileReference; lastKnownFileType = sourcecode.swift; path = ConfigReader.swift; sourceTree = "<group>"; };
		55A7B70424DBF51D00B30D8D /* ConfigConstant.swift */ = {isa = PBXFileReference; lastKnownFileType = sourcecode.swift; path = ConfigConstant.swift; sourceTree = "<group>"; };
		55A7B70824DC096100B30D8D /* Utils.swift */ = {isa = PBXFileReference; lastKnownFileType = sourcecode.swift; path = Utils.swift; sourceTree = "<group>"; };
		55A7B70A24DC0A2600B30D8D /* SceneDelegate.swift */ = {isa = PBXFileReference; lastKnownFileType = sourcecode.swift; path = SceneDelegate.swift; sourceTree = "<group>"; };
		55A7B70C24DC0AA100B30D8D /* Endpoint.swift */ = {isa = PBXFileReference; lastKnownFileType = sourcecode.swift; path = Endpoint.swift; sourceTree = "<group>"; };
		55A7B70E24DC0EEE00B30D8D /* Users.swift */ = {isa = PBXFileReference; lastKnownFileType = sourcecode.swift; path = Users.swift; sourceTree = "<group>"; };
		55A7B71124DC0F8100B30D8D /* UsersAPI.swift */ = {isa = PBXFileReference; lastKnownFileType = sourcecode.swift; path = UsersAPI.swift; sourceTree = "<group>"; };
		55A7B71424DC100C00B30D8D /* APIConstant.swift */ = {isa = PBXFileReference; lastKnownFileType = sourcecode.swift; path = APIConstant.swift; sourceTree = "<group>"; };
		55A7B71724DC116400B30D8D /* Response.swift */ = {isa = PBXFileReference; lastKnownFileType = sourcecode.swift; path = Response.swift; sourceTree = "<group>"; };
		55A7B71924DC118300B30D8D /* Networking.swift */ = {isa = PBXFileReference; lastKnownFileType = sourcecode.swift; path = Networking.swift; sourceTree = "<group>"; };
		55A7B71B24DDC41200B30D8D /* UIColor.swift */ = {isa = PBXFileReference; lastKnownFileType = sourcecode.swift; path = UIColor.swift; sourceTree = "<group>"; };
		55A7B71D24DDC4F800B30D8D /* String.swift */ = {isa = PBXFileReference; lastKnownFileType = sourcecode.swift; path = String.swift; sourceTree = "<group>"; };
		55A7B71F24DDDD4C00B30D8D /* UsersTableViewCell.swift */ = {isa = PBXFileReference; lastKnownFileType = sourcecode.swift; path = UsersTableViewCell.swift; sourceTree = "<group>"; };
		55A7B72024DDDD4C00B30D8D /* UsersTableViewCell.xib */ = {isa = PBXFileReference; lastKnownFileType = file.xib; path = UsersTableViewCell.xib; sourceTree = "<group>"; };
		55A7B72624DDE18300B30D8D /* AppConstants.swift */ = {isa = PBXFileReference; lastKnownFileType = sourcecode.swift; path = AppConstants.swift; sourceTree = "<group>"; };
		55A7B72824DDE23000B30D8D /* UIFont.swift */ = {isa = PBXFileReference; lastKnownFileType = sourcecode.swift; path = UIFont.swift; sourceTree = "<group>"; };
/* End PBXFileReference section */

/* Begin PBXFrameworksBuildPhase section */
		550BA3AB24DBE67700C0E93E /* Frameworks */ = {
			isa = PBXFrameworksBuildPhase;
			buildActionMask = 2147483647;
			files = (
			);
			runOnlyForDeploymentPostprocessing = 0;
		};
/* End PBXFrameworksBuildPhase section */

/* Begin PBXGroup section */
		550BA3A524DBE67700C0E93E = {
			isa = PBXGroup;
			children = (
				550BA3B024DBE67700C0E93E /* GithubAPIAssignment */,
				550BA3AF24DBE67700C0E93E /* Products */,
			);
			sourceTree = "<group>";
		};
		550BA3AF24DBE67700C0E93E /* Products */ = {
			isa = PBXGroup;
			children = (
				550BA3AE24DBE67700C0E93E /* GithubAPIAssignment.app */,
			);
			name = Products;
			sourceTree = "<group>";
		};
		550BA3B024DBE67700C0E93E /* GithubAPIAssignment */ = {
			isa = PBXGroup;
			children = (
				55A171FA24DBEDC300B04DC8 /* AppDelegate */,
				55A171F724DBED6200B04DC8 /* BaseLayout */,
				55A171F824DBED8E00B04DC8 /* Storyboards */,
				55A171F924DBEDA600B04DC8 /* Resources */,
				55A171FD24DBEE0400B04DC8 /* Controllers */,
				55A1720224DBEE6C00B04DC8 /* Foundation */,
				55A7B70724DBF72600B30D8D /* Managers */,
				55A7B71024DC0F5C00B30D8D /* Models */,
				55A7B70824DC096100B30D8D /* Utils.swift */,
				55A7B71624DC101000B30D8D /* Global */,
				55A7B72524DDDD7300B30D8D /* CustomCells */,
			);
			path = GithubAPIAssignment;
			sourceTree = "<group>";
		};
		55A171F724DBED6200B04DC8 /* BaseLayout */ = {
			isa = PBXGroup;
			children = (
				550BA3B524DBE67700C0E93E /* BaseViewController.swift */,
			);
			path = BaseLayout;
			sourceTree = "<group>";
		};
		55A171F824DBED8E00B04DC8 /* Storyboards */ = {
			isa = PBXGroup;
			children = (
				550BA3B724DBE67700C0E93E /* Main.storyboard */,
				550BA3BC24DBE67B00C0E93E /* LaunchScreen.storyboard */,
			);
			path = Storyboards;
			sourceTree = "<group>";
		};
		55A171F924DBEDA600B04DC8 /* Resources */ = {
			isa = PBXGroup;
			children = (
				550BA3BA24DBE67B00C0E93E /* Assets.xcassets */,
				550BA3BF24DBE67B00C0E93E /* Info.plist */,
			);
			path = Resources;
			sourceTree = "<group>";
		};
		55A171FA24DBEDC300B04DC8 /* AppDelegate */ = {
			isa = PBXGroup;
			children = (
				550BA3B124DBE67700C0E93E /* AppDelegate.swift */,
				55A7B70A24DC0A2600B30D8D /* SceneDelegate.swift */,
			);
			path = AppDelegate;
			sourceTree = "<group>";
		};
		55A171FD24DBEE0400B04DC8 /* Controllers */ = {
			isa = PBXGroup;
			children = (
				55A171FB24DBEDFE00B04DC8 /* HomeViewController.swift */,
			);
			path = Controllers;
			sourceTree = "<group>";
		};
		55A1720024DBEE3E00B04DC8 /* Extensions */ = {
			isa = PBXGroup;
			children = (
				55A1720324DBEF3900B04DC8 /* Swift */,
				55A1720124DBEE6400B04DC8 /* UI */,
			);
			path = Extensions;
			sourceTree = "<group>";
		};
		55A1720124DBEE6400B04DC8 /* UI */ = {
			isa = PBXGroup;
			children = (
				55A171FE24DBEE3B00B04DC8 /* UIStoryboard.swift */,
				55A7B71B24DDC41200B30D8D /* UIColor.swift */,
				55A7B72824DDE23000B30D8D /* UIFont.swift */,
			);
			path = UI;
			sourceTree = "<group>";
		};
		55A1720224DBEE6C00B04DC8 /* Foundation */ = {
			isa = PBXGroup;
			children = (
				55A1720024DBEE3E00B04DC8 /* Extensions */,
			);
			path = Foundation;
			sourceTree = "<group>";
		};
		55A1720324DBEF3900B04DC8 /* Swift */ = {
			isa = PBXGroup;
			children = (
				55A1720424DBEF4800B04DC8 /* NSObject.swift */,
				55A7B71D24DDC4F800B30D8D /* String.swift */,
			);
			path = Swift;
			sourceTree = "<group>";
		};
		55A7B70624DBF71500B30D8D /* ServiceConfigurator */ = {
			isa = PBXGroup;
			children = (
				55A7B6FE24DBF15D00B30D8D /* BackendConfiguration.plist */,
				55A7B70024DBF25400B30D8D /* BackendConfiguration.swift */,
				55A7B70224DBF45A00B30D8D /* ConfigReader.swift */,
				55A7B70424DBF51D00B30D8D /* ConfigConstant.swift */,
				55A7B71724DC116400B30D8D /* Response.swift */,
				55A7B71924DC118300B30D8D /* Networking.swift */,
			);
			path = ServiceConfigurator;
			sourceTree = "<group>";
		};
		55A7B70724DBF72600B30D8D /* Managers */ = {
			isa = PBXGroup;
			children = (
				55A7B70624DBF71500B30D8D /* ServiceConfigurator */,
				55A7B71324DC0F8E00B30D8D /* Services */,
			);
			path = Managers;
			sourceTree = "<group>";
		};
		55A7B71024DC0F5C00B30D8D /* Models */ = {
			isa = PBXGroup;
			children = (
				55A7B70E24DC0EEE00B30D8D /* Users.swift */,
			);
			path = Models;
			sourceTree = "<group>";
		};
		55A7B71324DC0F8E00B30D8D /* Services */ = {
			isa = PBXGroup;
			children = (
				55A7B70C24DC0AA100B30D8D /* Endpoint.swift */,
				55A7B71124DC0F8100B30D8D /* UsersAPI.swift */,
			);
			path = Services;
			sourceTree = "<group>";
		};
		55A7B71624DC101000B30D8D /* Global */ = {
			isa = PBXGroup;
			children = (
				55A7B71424DC100C00B30D8D /* APIConstant.swift */,
				55A7B72624DDE18300B30D8D /* AppConstants.swift */,
			);
			path = Global;
			sourceTree = "<group>";
		};
		55A7B72324DDDD5E00B30D8D /* Table */ = {
			isa = PBXGroup;
			children = (
				55A7B72424DDDD6A00B30D8D /* Users */,
			);
			path = Table;
			sourceTree = "<group>";
		};
		55A7B72424DDDD6A00B30D8D /* Users */ = {
			isa = PBXGroup;
			children = (
				55A7B71F24DDDD4C00B30D8D /* UsersTableViewCell.swift */,
				55A7B72024DDDD4C00B30D8D /* UsersTableViewCell.xib */,
			);
			path = Users;
			sourceTree = "<group>";
		};
		55A7B72524DDDD7300B30D8D /* CustomCells */ = {
			isa = PBXGroup;
			children = (
				55A7B72324DDDD5E00B30D8D /* Table */,
			);
			path = CustomCells;
			sourceTree = "<group>";
		};
/* End PBXGroup section */

/* Begin PBXNativeTarget section */
		550BA3AD24DBE67700C0E93E /* GithubAPIAssignment */ = {
			isa = PBXNativeTarget;
			buildConfigurationList = 550BA3C224DBE67B00C0E93E /* Build configuration list for PBXNativeTarget "GithubAPIAssignment" */;
			buildPhases = (
				550BA3AA24DBE67700C0E93E /* Sources */,
				550BA3AB24DBE67700C0E93E /* Frameworks */,
				550BA3AC24DBE67700C0E93E /* Resources */,
			);
			buildRules = (
			);
			dependencies = (
			);
			name = GithubAPIAssignment;
			productName = GithubAPIAssignment;
			productReference = 550BA3AE24DBE67700C0E93E /* GithubAPIAssignment.app */;
			productType = "com.apple.product-type.application";
		};
/* End PBXNativeTarget section */

/* Begin PBXProject section */
		550BA3A624DBE67700C0E93E /* Project object */ = {
			isa = PBXProject;
			attributes = {
				LastSwiftUpdateCheck = 1130;
				LastUpgradeCheck = 1130;
				ORGANIZATIONNAME = "Swapnil Magar";
				TargetAttributes = {
					550BA3AD24DBE67700C0E93E = {
						CreatedOnToolsVersion = 11.3.1;
					};
				};
			};
			buildConfigurationList = 550BA3A924DBE67700C0E93E /* Build configuration list for PBXProject "GithubAPIAssignment" */;
			compatibilityVersion = "Xcode 9.3";
			developmentRegion = en;
			hasScannedForEncodings = 0;
			knownRegions = (
				en,
				Base,
			);
			mainGroup = 550BA3A524DBE67700C0E93E;
			productRefGroup = 550BA3AF24DBE67700C0E93E /* Products */;
			projectDirPath = "";
			projectRoot = "";
			targets = (
				550BA3AD24DBE67700C0E93E /* GithubAPIAssignment */,
			);
		};
/* End PBXProject section */

/* Begin PBXResourcesBuildPhase section */
		550BA3AC24DBE67700C0E93E /* Resources */ = {
			isa = PBXResourcesBuildPhase;
			buildActionMask = 2147483647;
			files = (
				55A7B6FF24DBF15D00B30D8D /* BackendConfiguration.plist in Resources */,
				550BA3BE24DBE67B00C0E93E /* LaunchScreen.storyboard in Resources */,
				550BA3BB24DBE67B00C0E93E /* Assets.xcassets in Resources */,
				55A7B72224DDDD4C00B30D8D /* UsersTableViewCell.xib in Resources */,
				550BA3B924DBE67700C0E93E /* Main.storyboard in Resources */,
			);
			runOnlyForDeploymentPostprocessing = 0;
		};
/* End PBXResourcesBuildPhase section */

/* Begin PBXSourcesBuildPhase section */
		550BA3AA24DBE67700C0E93E /* Sources */ = {
			isa = PBXSourcesBuildPhase;
			buildActionMask = 2147483647;
			files = (
				55A7B70324DBF45A00B30D8D /* ConfigReader.swift in Sources */,
				55A7B70F24DC0EEE00B30D8D /* Users.swift in Sources */,
				55A7B71224DC0F8100B30D8D /* UsersAPI.swift in Sources */,
				55A7B72124DDDD4C00B30D8D /* UsersTableViewCell.swift in Sources */,
				55A7B71A24DC118300B30D8D /* Networking.swift in Sources */,
				550BA3B624DBE67700C0E93E /* BaseViewController.swift in Sources */,
				55A7B71824DC116400B30D8D /* Response.swift in Sources */,
				55A7B71C24DDC41200B30D8D /* UIColor.swift in Sources */,
				55A7B70924DC096100B30D8D /* Utils.swift in Sources */,
				55A7B70124DBF25400B30D8D /* BackendConfiguration.swift in Sources */,
				55A171FF24DBEE3B00B04DC8 /* UIStoryboard.swift in Sources */,
				55A7B70B24DC0A2600B30D8D /* SceneDelegate.swift in Sources */,
				550BA3B224DBE67700C0E93E /* AppDelegate.swift in Sources */,
				55A7B71E24DDC4F800B30D8D /* String.swift in Sources */,
				55A1720524DBEF4800B04DC8 /* NSObject.swift in Sources */,
				55A171FC24DBEDFE00B04DC8 /* HomeViewController.swift in Sources */,
				55A7B70D24DC0AA100B30D8D /* Endpoint.swift in Sources */,
				55A7B72924DDE23000B30D8D /* UIFont.swift in Sources */,
				55A7B71524DC100C00B30D8D /* APIConstant.swift in Sources */,
				55A7B70524DBF51D00B30D8D /* ConfigConstant.swift in Sources */,
				55A7B72724DDE18300B30D8D /* AppConstants.swift in Sources */,
			);
			runOnlyForDeploymentPostprocessing = 0;
		};
/* End PBXSourcesBuildPhase section */

/* Begin PBXVariantGroup section */
		550BA3B724DBE67700C0E93E /* Main.storyboard */ = {
			isa = PBXVariantGroup;
			children = (
				550BA3B824DBE67700C0E93E /* Base */,
			);
			name = Main.storyboard;
			sourceTree = "<group>";
		};
		550BA3BC24DBE67B00C0E93E /* LaunchScreen.storyboard */ = {
			isa = PBXVariantGroup;
			children = (
				550BA3BD24DBE67B00C0E93E /* Base */,
			);
			name = LaunchScreen.storyboard;
			sourceTree = "<group>";
		};
/* End PBXVariantGroup section */

/* Begin XCBuildConfiguration section */
		550BA3C024DBE67B00C0E93E /* Debug */ = {
			isa = XCBuildConfiguration;
			buildSettings = {
				ALWAYS_SEARCH_USER_PATHS = NO;
				CLANG_ANALYZER_NONNULL = YES;
				CLANG_ANALYZER_NUMBER_OBJECT_CONVERSION = YES_AGGRESSIVE;
				CLANG_CXX_LANGUAGE_STANDARD = "gnu++14";
				CLANG_CXX_LIBRARY = "libc++";
				CLANG_ENABLE_MODULES = YES;
				CLANG_ENABLE_OBJC_ARC = YES;
				CLANG_ENABLE_OBJC_WEAK = YES;
				CLANG_WARN_BLOCK_CAPTURE_AUTORELEASING = YES;
				CLANG_WARN_BOOL_CONVERSION = YES;
				CLANG_WARN_COMMA = YES;
				CLANG_WARN_CONSTANT_CONVERSION = YES;
				CLANG_WARN_DEPRECATED_OBJC_IMPLEMENTATIONS = YES;
				CLANG_WARN_DIRECT_OBJC_ISA_USAGE = YES_ERROR;
				CLANG_WARN_DOCUMENTATION_COMMENTS = YES;
				CLANG_WARN_EMPTY_BODY = YES;
				CLANG_WARN_ENUM_CONVERSION = YES;
				CLANG_WARN_INFINITE_RECURSION = YES;
				CLANG_WARN_INT_CONVERSION = YES;
				CLANG_WARN_NON_LITERAL_NULL_CONVERSION = YES;
				CLANG_WARN_OBJC_IMPLICIT_RETAIN_SELF = YES;
				CLANG_WARN_OBJC_LITERAL_CONVERSION = YES;
				CLANG_WARN_OBJC_ROOT_CLASS = YES_ERROR;
				CLANG_WARN_RANGE_LOOP_ANALYSIS = YES;
				CLANG_WARN_STRICT_PROTOTYPES = YES;
				CLANG_WARN_SUSPICIOUS_MOVE = YES;
				CLANG_WARN_UNGUARDED_AVAILABILITY = YES_AGGRESSIVE;
				CLANG_WARN_UNREACHABLE_CODE = YES;
				CLANG_WARN__DUPLICATE_METHOD_MATCH = YES;
				COPY_PHASE_STRIP = NO;
				DEBUG_INFORMATION_FORMAT = dwarf;
				ENABLE_STRICT_OBJC_MSGSEND = YES;
				ENABLE_TESTABILITY = YES;
				GCC_C_LANGUAGE_STANDARD = gnu11;
				GCC_DYNAMIC_NO_PIC = NO;
				GCC_NO_COMMON_BLOCKS = YES;
				GCC_OPTIMIZATION_LEVEL = 0;
				GCC_PREPROCESSOR_DEFINITIONS = (
					"DEBUG=1",
					"$(inherited)",
				);
				GCC_WARN_64_TO_32_BIT_CONVERSION = YES;
				GCC_WARN_ABOUT_RETURN_TYPE = YES_ERROR;
				GCC_WARN_UNDECLARED_SELECTOR = YES;
				GCC_WARN_UNINITIALIZED_AUTOS = YES_AGGRESSIVE;
				GCC_WARN_UNUSED_FUNCTION = YES;
				GCC_WARN_UNUSED_VARIABLE = YES;
				IPHONEOS_DEPLOYMENT_TARGET = 13.2;
				MTL_ENABLE_DEBUG_INFO = INCLUDE_SOURCE;
				MTL_FAST_MATH = YES;
				ONLY_ACTIVE_ARCH = YES;
				SDKROOT = iphoneos;
				SWIFT_ACTIVE_COMPILATION_CONDITIONS = DEBUG;
				SWIFT_OPTIMIZATION_LEVEL = "-Onone";
			};
			name = Debug;
		};
		550BA3C124DBE67B00C0E93E /* Release */ = {
			isa = XCBuildConfiguration;
			buildSettings = {
				ALWAYS_SEARCH_USER_PATHS = NO;
				CLANG_ANALYZER_NONNULL = YES;
				CLANG_ANALYZER_NUMBER_OBJECT_CONVERSION = YES_AGGRESSIVE;
				CLANG_CXX_LANGUAGE_STANDARD = "gnu++14";
				CLANG_CXX_LIBRARY = "libc++";
				CLANG_ENABLE_MODULES = YES;
				CLANG_ENABLE_OBJC_ARC = YES;
				CLANG_ENABLE_OBJC_WEAK = YES;
				CLANG_WARN_BLOCK_CAPTURE_AUTORELEASING = YES;
				CLANG_WARN_BOOL_CONVERSION = YES;
				CLANG_WARN_COMMA = YES;
				CLANG_WARN_CONSTANT_CONVERSION = YES;
				CLANG_WARN_DEPRECATED_OBJC_IMPLEMENTATIONS = YES;
				CLANG_WARN_DIRECT_OBJC_ISA_USAGE = YES_ERROR;
				CLANG_WARN_DOCUMENTATION_COMMENTS = YES;
				CLANG_WARN_EMPTY_BODY = YES;
				CLANG_WARN_ENUM_CONVERSION = YES;
				CLANG_WARN_INFINITE_RECURSION = YES;
				CLANG_WARN_INT_CONVERSION = YES;
				CLANG_WARN_NON_LITERAL_NULL_CONVERSION = YES;
				CLANG_WARN_OBJC_IMPLICIT_RETAIN_SELF = YES;
				CLANG_WARN_OBJC_LITERAL_CONVERSION = YES;
				CLANG_WARN_OBJC_ROOT_CLASS = YES_ERROR;
				CLANG_WARN_RANGE_LOOP_ANALYSIS = YES;
				CLANG_WARN_STRICT_PROTOTYPES = YES;
				CLANG_WARN_SUSPICIOUS_MOVE = YES;
				CLANG_WARN_UNGUARDED_AVAILABILITY = YES_AGGRESSIVE;
				CLANG_WARN_UNREACHABLE_CODE = YES;
				CLANG_WARN__DUPLICATE_METHOD_MATCH = YES;
				COPY_PHASE_STRIP = NO;
				DEBUG_INFORMATION_FORMAT = "dwarf-with-dsym";
				ENABLE_NS_ASSERTIONS = NO;
				ENABLE_STRICT_OBJC_MSGSEND = YES;
				GCC_C_LANGUAGE_STANDARD = gnu11;
				GCC_NO_COMMON_BLOCKS = YES;
				GCC_WARN_64_TO_32_BIT_CONVERSION = YES;
				GCC_WARN_ABOUT_RETURN_TYPE = YES_ERROR;
				GCC_WARN_UNDECLARED_SELECTOR = YES;
				GCC_WARN_UNINITIALIZED_AUTOS = YES_AGGRESSIVE;
				GCC_WARN_UNUSED_FUNCTION = YES;
				GCC_WARN_UNUSED_VARIABLE = YES;
				IPHONEOS_DEPLOYMENT_TARGET = 13.2;
				MTL_ENABLE_DEBUG_INFO = NO;
				MTL_FAST_MATH = YES;
				SDKROOT = iphoneos;
				SWIFT_COMPILATION_MODE = wholemodule;
				SWIFT_OPTIMIZATION_LEVEL = "-O";
				VALIDATE_PRODUCT = YES;
			};
			name = Release;
		};
		550BA3C324DBE67B00C0E93E /* Debug */ = {
			isa = XCBuildConfiguration;
			buildSettings = {
				ASSETCATALOG_COMPILER_APPICON_NAME = AppIcon;
				CODE_SIGN_STYLE = Automatic;
				INFOPLIST_FILE = "$(SRCROOT)/GithubAPIAssignment/Resources/Info.plist";
				IPHONEOS_DEPLOYMENT_TARGET = 13.0;
				LD_RUNPATH_SEARCH_PATHS = (
					"$(inherited)",
					"@executable_path/Frameworks",
				);
				PRODUCT_BUNDLE_IDENTIFIER = com.GithubAPIAssignment;
				PRODUCT_NAME = "$(TARGET_NAME)";
				SWIFT_VERSION = 5.0;
				TARGETED_DEVICE_FAMILY = 1;
			};
			name = Debug;
		};
		550BA3C424DBE67B00C0E93E /* Release */ = {
			isa = XCBuildConfiguration;
			buildSettings = {
				ASSETCATALOG_COMPILER_APPICON_NAME = AppIcon;
				CODE_SIGN_STYLE = Automatic;
				INFOPLIST_FILE = "$(SRCROOT)/GithubAPIAssignment/Resources/Info.plist";
				IPHONEOS_DEPLOYMENT_TARGET = 13.0;
				LD_RUNPATH_SEARCH_PATHS = (
					"$(inherited)",
					"@executable_path/Frameworks",
				);
				PRODUCT_BUNDLE_IDENTIFIER = com.GithubAPIAssignment;
				PRODUCT_NAME = "$(TARGET_NAME)";
				SWIFT_VERSION = 5.0;
				TARGETED_DEVICE_FAMILY = 1;
			};
			name = Release;
		};
/* End XCBuildConfiguration section */

/* Begin XCConfigurationList section */
		550BA3A924DBE67700C0E93E /* Build configuration list for PBXProject "GithubAPIAssignment" */ = {
			isa = XCConfigurationList;
			buildConfigurations = (
				550BA3C024DBE67B00C0E93E /* Debug */,
				550BA3C124DBE67B00C0E93E /* Release */,
			);
			defaultConfigurationIsVisible = 0;
			defaultConfigurationName = Release;
		};
		550BA3C224DBE67B00C0E93E /* Build configuration list for PBXNativeTarget "GithubAPIAssignment" */ = {
			isa = XCConfigurationList;
			buildConfigurations = (
				550BA3C324DBE67B00C0E93E /* Debug */,
				550BA3C424DBE67B00C0E93E /* Release */,
			);
			defaultConfigurationIsVisible = 0;
			defaultConfigurationName = Release;
		};
/* End XCConfigurationList section */
	};
	rootObject = 550BA3A624DBE67700C0E93E /* Project object */;
}
